<?xml version="1.0" encoding="utf-8"?>
<Project ToolsVersion="4.0" xmlns="http://schemas.microsoft.com/developer/msbuild/2003">
  <ItemGroup>
    <Filter Include="Source Files">
      <UniqueIdentifier>{4FC737F1-C7A5-4376-A066-2A32D752A2FF}</UniqueIdentifier>
      <Extensions>cpp;c;cc;cxx;c++;cppm;ixx;def;odl;idl;hpj;bat;asm;asmx</Extensions>
    </Filter>
    <Filter Include="Header Files">
      <UniqueIdentifier>{93995380-89BD-4b04-88EB-625FBE52EBFB}</UniqueIdentifier>
      <Extensions>h;hh;hpp;hxx;h++;hm;inl;inc;ipp;xsd</Extensions>
    </Filter>
    <Filter Include="Resource Files">
      <UniqueIdentifier>{67DA6AB6-F800-4c08-8B7A-83BB121AAD01}</UniqueIdentifier>
      <Extensions>rc;ico;cur;bmp;dlg;rc2;rct;bin;rgs;gif;jpg;jpeg;jpe;resx;tiff;tif;png;wav;mfcribbon-ms</Extensions>
    </Filter>
    <Filter Include="Brainstorm">
      <UniqueIdentifier>{6ba459a5-984c-45d7-9e8a-c220c29a6d73}</UniqueIdentifier>
    </Filter>
    <Filter Include="Header Files\Widgets">
      <UniqueIdentifier>{5241deed-a818-4354-b1f6-e5097d998796}</UniqueIdentifier>
    </Filter>
    <Filter Include="Source Files\Widgets">
      <UniqueIdentifier>{2e81ba1d-aea4-4fd2-80fe-d8e4180f6819}</UniqueIdentifier>
    </Filter>
    <Filter Include="Source Files\Widgets\Sub">
      <UniqueIdentifier>{32a7c932-d109-47bc-b0cf-2340257a9851}</UniqueIdentifier>
    </Filter>
  </ItemGroup>
  <ItemGroup>
    <ClInclude Include="include\ctui.h">
      <Filter>Header Files</Filter>
    </ClInclude>
    <ClInclude Include="src\ctui_config.h">
      <Filter>Header Files</Filter>
    </ClInclude>
    <ClInclude Include="src\ctui_mod.h">
      <Filter>Header Files</Filter>
    </ClInclude>
    <ClInclude Include="src\ctui_mod_enum.h">
      <Filter>Header Files</Filter>
    </ClInclude>
    <ClInclude Include="src\ctui_print.h">
      <Filter>Header Files</Filter>
    </ClInclude>
    <ClInclude Include="src\pch.h">
      <Filter>Header Files</Filter>
    </ClInclude>
    <ClInclude Include="src\ctui_rect.h">
      <Filter>Header Files</Filter>
    </ClInclude>
    <ClInclude Include="src\ctui_widget.h">
      <Filter>Header Files\Widgets</Filter>
    </ClInclude>
    <ClInclude Include="src\ctui_container.h">
      <Filter>Header Files\Widgets</Filter>
    </ClInclude>
    <ClInclude Include="src\ctui_key.h">
      <Filter>Header Files</Filter>
    </ClInclude>
    <ClInclude Include="src\ctui_pct.h">
      <Filter>Header Files</Filter>
    </ClInclude>
    <ClInclude Include="src\ctui_kwargs.h">
      <Filter>Header Files</Filter>
    </ClInclude>
  </ItemGroup>
  <ItemGroup>
    <ClCompile Include="src\ctui_config.cpp">
      <Filter>Source Files</Filter>
    </ClCompile>
    <ClCompile Include="src\ctui_mod.cpp">
      <Filter>Source Files</Filter>
    </ClCompile>
    <ClCompile Include="src\pch.cpp">
      <Filter>Source Files</Filter>
    </ClCompile>
    <ClCompile Include="src\ctui_rect.cpp">
      <Filter>Source Files</Filter>
    </ClCompile>
    <ClCompile Include="src\ctui_key.cpp">
      <Filter>Source Files</Filter>
    </ClCompile>
    <ClCompile Include="src\ctui_pct.cpp">
      <Filter>Source Files</Filter>
    </ClCompile>
    <ClCompile Include="src\ctui_widget.cpp">
      <Filter>Source Files\Widgets</Filter>
    </ClCompile>
    <ClCompile Include="src\ctui_container.cpp">
      <Filter>Source Files\Widgets</Filter>
    </ClCompile>
  </ItemGroup>
  <ItemGroup>
    <Text Include="WidgetStructure.txt">
      <Filter>Brainstorm</Filter>
    </Text>
  </ItemGroup>
</Project>